
Microsoft Visual Studio Solution File, Format Version 12.00
Project("{FAE04EC0-301F-11D3-BF4B-00C04F79EFBC}") = "PetStore.Pet.Api", "PetStore.Pet.Api\PetStore.Pet.Api.csproj", "{F2BE83D4-C782-4A0E-8063-6BFD364C3A94}"
EndProject
Project("{FAE04EC0-301F-11D3-BF4B-00C04F79EFBC}") = "PetStore.Store.Api", "PetStore.Store.Api\PetStore.Store.Api.csproj", "{1064D3EA-90CA-4072-AD28-609B65C7E532}"
EndProject
Project("{FAE04EC0-301F-11D3-BF4B-00C04F79EFBC}") = "PetStore.User.Api", "PetStore.User.Api\PetStore.User.Api.csproj", "{5543BD15-9EF3-440A-88CC-D53785317DA1}"
EndProject
Project("{FAE04EC0-301F-11D3-BF4B-00C04F79EFBC}") = "PetStore.Test", "PetStore.Test\PetStore.Test.csproj", "{29F1A323-5376-4615-8CE5-FB51B0B3DC3E}"
EndProject
Global
	GlobalSection(SolutionConfigurationPlatforms) = preSolution
		Debug|Any CPU = Debug|Any CPU
		Release|Any CPU = Release|Any CPU
	EndGlobalSection
	GlobalSection(ProjectConfigurationPlatforms) = postSolution
		{F2BE83D4-C782-4A0E-8063-6BFD364C3A94}.Debug|Any CPU.ActiveCfg = Debug|Any CPU
		{F2BE83D4-C782-4A0E-8063-6BFD364C3A94}.Debug|Any CPU.Build.0 = Debug|Any CPU
		{F2BE83D4-C782-4A0E-8063-6BFD364C3A94}.Release|Any CPU.ActiveCfg = Release|Any CPU
		{F2BE83D4-C782-4A0E-8063-6BFD364C3A94}.Release|Any CPU.Build.0 = Release|Any CPU
		{1064D3EA-90CA-4072-AD28-609B65C7E532}.Debug|Any CPU.ActiveCfg = Debug|Any CPU
		{1064D3EA-90CA-4072-AD28-609B65C7E532}.Debug|Any CPU.Build.0 = Debug|Any CPU
		{1064D3EA-90CA-4072-AD28-609B65C7E532}.Release|Any CPU.ActiveCfg = Release|Any CPU
		{1064D3EA-90CA-4072-AD28-609B65C7E532}.Release|Any CPU.Build.0 = Release|Any CPU
		{5543BD15-9EF3-440A-88CC-D53785317DA1}.Debug|Any CPU.ActiveCfg = Debug|Any CPU
		{5543BD15-9EF3-440A-88CC-D53785317DA1}.Debug|Any CPU.Build.0 = Debug|Any CPU
		{5543BD15-9EF3-440A-88CC-D53785317DA1}.Release|Any CPU.ActiveCfg = Release|Any CPU
		{5543BD15-9EF3-440A-88CC-D53785317DA1}.Release|Any CPU.Build.0 = Release|Any CPU
		{29F1A323-5376-4615-8CE5-FB51B0B3DC3E}.Debug|Any CPU.ActiveCfg = Debug|Any CPU
		{29F1A323-5376-4615-8CE5-FB51B0B3DC3E}.Debug|Any CPU.Build.0 = Debug|Any CPU
		{29F1A323-5376-4615-8CE5-FB51B0B3DC3E}.Release|Any CPU.ActiveCfg = Release|Any CPU
		{29F1A323-5376-4615-8CE5-FB51B0B3DC3E}.Release|Any CPU.Build.0 = Release|Any CPU
	EndGlobalSection
EndGlobal
